
Microsoft Visual Studio Solution File, Format Version 12.00
# Visual Studio Version 16
VisualStudioVersion = 16.0.31129.286
MinimumVisualStudioVersion = 10.0.40219.1
Project("{9A19103F-16F7-4668-BE54-9A1E7A4F7556}") = "TCPServerApp", "TCPServerApp.csproj", "{F919C6BC-3AAE-43D7-BCC0-C20B4E3DBA62}"
EndProject
Global
	GlobalSection(SolutionConfigurationPlatforms) = preSolution
		Debug|Any CPU = Debug|Any CPU
		Release|Any CPU = Release|Any CPU
	EndGlobalSection
	GlobalSection(ProjectConfigurationPlatforms) = postSolution
		{F919C6BC-3AAE-43D7-BCC0-C20B4E3DBA62}.Debug|Any CPU.ActiveCfg = Debug|Any CPU
		{F919C6BC-3AAE-43D7-BCC0-C20B4E3DBA62}.Debug|Any CPU.Build.0 = Debug|Any CPU
		{F919C6BC-3AAE-43D7-BCC0-C20B4E3DBA62}.Release|Any CPU.ActiveCfg = Release|Any CPU
		{F919C6BC-3AAE-43D7-BCC0-C20B4E3DBA62}.Release|Any CPU.Build.0 = Release|Any CPU
	EndGlobalSection
	GlobalSection(SolutionProperties) = preSolution
		HideSolutionNode = FALSE
	EndGlobalSection
	GlobalSection(ExtensibilityGlobals) = postSolution
		SolutionGuid = {B268150C-D792-4F6F-8DD0-6E1680B80FAD}
	EndGlobalSection
EndGlobal
